
Microsoft Visual Studio Solution File, Format Version 12.00
# Visual Studio Version 16
VisualStudioVersion = 16.0.30517.126
MinimumVisualStudioVersion = 10.0.40219.1
Project("{9A19103F-16F7-4668-BE54-9A1E7A4F7556}") = "TestingLb2", "TestingLb2\TestingLb2.csproj", "{2424640B-C009-4FBD-9074-D98C629E6059}"
EndProject
Project("{9A19103F-16F7-4668-BE54-9A1E7A4F7556}") = "Functions", "Functions\Functions.csproj", "{A3D1AA36-8732-4C52-A1A7-A6A269BEB15D}"
EndProject
Project("{9A19103F-16F7-4668-BE54-9A1E7A4F7556}") = "Maths", "Math\Maths.csproj", "{547B4D38-EB97-4F4D-A038-8D84DECF9C9D}"
EndProject
Global
	GlobalSection(SolutionConfigurationPlatforms) = preSolution
		Debug|Any CPU = Debug|Any CPU
		Release|Any CPU = Release|Any CPU
	EndGlobalSection
	GlobalSection(ProjectConfigurationPlatforms) = postSolution
		{2424640B-C009-4FBD-9074-D98C629E6059}.Debug|Any CPU.ActiveCfg = Debug|Any CPU
		{2424640B-C009-4FBD-9074-D98C629E6059}.Debug|Any CPU.Build.0 = Debug|Any CPU
		{2424640B-C009-4FBD-9074-D98C629E6059}.Release|Any CPU.ActiveCfg = Release|Any CPU
		{2424640B-C009-4FBD-9074-D98C629E6059}.Release|Any CPU.Build.0 = Release|Any CPU
		{A3D1AA36-8732-4C52-A1A7-A6A269BEB15D}.Debug|Any CPU.ActiveCfg = Debug|Any CPU
		{A3D1AA36-8732-4C52-A1A7-A6A269BEB15D}.Debug|Any CPU.Build.0 = Debug|Any CPU
		{A3D1AA36-8732-4C52-A1A7-A6A269BEB15D}.Release|Any CPU.ActiveCfg = Release|Any CPU
		{A3D1AA36-8732-4C52-A1A7-A6A269BEB15D}.Release|Any CPU.Build.0 = Release|Any CPU
		{547B4D38-EB97-4F4D-A038-8D84DECF9C9D}.Debug|Any CPU.ActiveCfg = Debug|Any CPU
		{547B4D38-EB97-4F4D-A038-8D84DECF9C9D}.Debug|Any CPU.Build.0 = Debug|Any CPU
		{547B4D38-EB97-4F4D-A038-8D84DECF9C9D}.Release|Any CPU.ActiveCfg = Release|Any CPU
		{547B4D38-EB97-4F4D-A038-8D84DECF9C9D}.Release|Any CPU.Build.0 = Release|Any CPU
	EndGlobalSection
	GlobalSection(SolutionProperties) = preSolution
		HideSolutionNode = FALSE
	EndGlobalSection
	GlobalSection(ExtensibilityGlobals) = postSolution
		SolutionGuid = {8A509968-262E-49BC-B513-BBDBA4DF50DF}
	EndGlobalSection
EndGlobal
